
Microsoft Visual Studio Solution File, Format Version 12.00
# Visual Studio 15
VisualStudioVersion = 15.0.27703.2026
MinimumVisualStudioVersion = 10.0.40219.1
Project("{FAE04EC0-301F-11D3-BF4B-00C04F79EFBC}") = "AzureCacheExplorer", "AzureCacheExplorer.csproj", "{B42B3BE9-CFA7-4080-9C46-4B99E411B076}"
EndProject
Global
	GlobalSection(SolutionConfigurationPlatforms) = preSolution
		Debug|Any CPU = Debug|Any CPU
		Release|Any CPU = Release|Any CPU
	EndGlobalSection
	GlobalSection(ProjectConfigurationPlatforms) = postSolution
		{B42B3BE9-CFA7-4080-9C46-4B99E411B076}.Debug|Any CPU.ActiveCfg = Debug|Any CPU
		{B42B3BE9-CFA7-4080-9C46-4B99E411B076}.Debug|Any CPU.Build.0 = Debug|Any CPU
		{B42B3BE9-CFA7-4080-9C46-4B99E411B076}.Release|Any CPU.ActiveCfg = Release|Any CPU
		{B42B3BE9-CFA7-4080-9C46-4B99E411B076}.Release|Any CPU.Build.0 = Release|Any CPU
	EndGlobalSection
	GlobalSection(SolutionProperties) = preSolution
		HideSolutionNode = FALSE
	EndGlobalSection
	GlobalSection(ExtensibilityGlobals) = postSolution
		SolutionGuid = {6C57ECB1-0B9D-4646-9EA0-4A63D98983B6}
	EndGlobalSection
EndGlobal
